
Microsoft Visual Studio Solution File, Format Version 12.00
# Visual Studio Version 17
VisualStudioVersion = 17.9.34728.123
MinimumVisualStudioVersion = 10.0.40219.1
Project("{FAE04EC0-301F-11D3-BF4B-00C04F79EFBC}") = "Ad hoc", "Ad hoc\Ad hoc.csproj", "{4F67685B-2F79-4C32-BE8C-E414CD1D54A5}"
EndProject
Global
	GlobalSection(SolutionConfigurationPlatforms) = preSolution
		Debug|Any CPU = Debug|Any CPU
		Release|Any CPU = Release|Any CPU
	EndGlobalSection
	GlobalSection(ProjectConfigurationPlatforms) = postSolution
		{4F67685B-2F79-4C32-BE8C-E414CD1D54A5}.Debug|Any CPU.ActiveCfg = Debug|Any CPU
		{4F67685B-2F79-4C32-BE8C-E414CD1D54A5}.Debug|Any CPU.Build.0 = Debug|Any CPU
		{4F67685B-2F79-4C32-BE8C-E414CD1D54A5}.Release|Any CPU.ActiveCfg = Release|Any CPU
		{4F67685B-2F79-4C32-BE8C-E414CD1D54A5}.Release|Any CPU.Build.0 = Release|Any CPU
	EndGlobalSection
	GlobalSection(SolutionProperties) = preSolution
		HideSolutionNode = FALSE
	EndGlobalSection
	GlobalSection(ExtensibilityGlobals) = postSolution
		SolutionGuid = {11218C7D-72FF-4860-8C65-F8E01365ADFF}
	EndGlobalSection
EndGlobal
